
Microsoft Visual Studio Solution File, Format Version 12.00
# Visual Studio Version 16
VisualStudioVersion = 16.0.31321.278
MinimumVisualStudioVersion = 10.0.40219.1
Project("{8BC9CEB8-8B4A-11D0-8D11-00A0C91BC942}") = "TicTacToe", "TicTacToe.vcxproj", "{1C44E5ED-693D-44F8-B4C4-DFC46EA5A28D}"
EndProject
Global
	GlobalSection(SolutionConfigurationPlatforms) = preSolution
		Debug|x64 = Debug|x64
		Debug|x86 = Debug|x86
		Release|x64 = Release|x64
		Release|x86 = Release|x86
	EndGlobalSection
	GlobalSection(ProjectConfigurationPlatforms) = postSolution
		{1C44E5ED-693D-44F8-B4C4-DFC46EA5A28D}.Debug|x64.ActiveCfg = Debug|x64
		{1C44E5ED-693D-44F8-B4C4-DFC46EA5A28D}.Debug|x64.Build.0 = Debug|x64
		{1C44E5ED-693D-44F8-B4C4-DFC46EA5A28D}.Debug|x86.ActiveCfg = Debug|Win32
		{1C44E5ED-693D-44F8-B4C4-DFC46EA5A28D}.Debug|x86.Build.0 = Debug|Win32
		{1C44E5ED-693D-44F8-B4C4-DFC46EA5A28D}.Release|x64.ActiveCfg = Release|x64
		{1C44E5ED-693D-44F8-B4C4-DFC46EA5A28D}.Release|x64.Build.0 = Release|x64
		{1C44E5ED-693D-44F8-B4C4-DFC46EA5A28D}.Release|x86.ActiveCfg = Release|Win32
		{1C44E5ED-693D-44F8-B4C4-DFC46EA5A28D}.Release|x86.Build.0 = Release|Win32
	EndGlobalSection
	GlobalSection(SolutionProperties) = preSolution
		HideSolutionNode = FALSE
	EndGlobalSection
	GlobalSection(ExtensibilityGlobals) = postSolution
		SolutionGuid = {3F01EF13-3C88-4DDD-9D37-5321199936AB}
	EndGlobalSection
EndGlobal
